
Microsoft Visual Studio Solution File, Format Version 12.00
# Visual Studio Version 16
VisualStudioVersion = 16.0.31205.134
MinimumVisualStudioVersion = 10.0.40219.1
Project("{9A19103F-16F7-4668-BE54-9A1E7A4F7556}") = "SFA.DAS.ApprenticePortal.Web", "SFA.DAS.ApprenticePortal.Web\SFA.DAS.ApprenticePortal.Web.csproj", "{D609881B-F3DC-4E9A-A9D8-87194AD50757}"
EndProject
Project("{2150E333-8FDC-42A3-9474-1A3956D46DE8}") = "Tests", "Tests", "{7DAF668C-EB40-4A42-821C-562D1D163ADD}"
EndProject
Global
	GlobalSection(SolutionConfigurationPlatforms) = preSolution
		Debug|Any CPU = Debug|Any CPU
		Release|Any CPU = Release|Any CPU
	EndGlobalSection
	GlobalSection(ProjectConfigurationPlatforms) = postSolution
		{D609881B-F3DC-4E9A-A9D8-87194AD50757}.Debug|Any CPU.ActiveCfg = Debug|Any CPU
		{D609881B-F3DC-4E9A-A9D8-87194AD50757}.Debug|Any CPU.Build.0 = Debug|Any CPU
		{D609881B-F3DC-4E9A-A9D8-87194AD50757}.Release|Any CPU.ActiveCfg = Release|Any CPU
		{D609881B-F3DC-4E9A-A9D8-87194AD50757}.Release|Any CPU.Build.0 = Release|Any CPU
	EndGlobalSection
	GlobalSection(SolutionProperties) = preSolution
		HideSolutionNode = FALSE
	EndGlobalSection
	GlobalSection(ExtensibilityGlobals) = postSolution
		SolutionGuid = {B7D203E9-858F-4622-85FB-4B8ABB2B8B20}
	EndGlobalSection
EndGlobal
