
Microsoft Visual Studio Solution File, Format Version 12.00
# Visual Studio Version 16
VisualStudioVersion = 16.0.31205.134
MinimumVisualStudioVersion = 10.0.40219.1
Project("{9A19103F-16F7-4668-BE54-9A1E7A4F7556}") = "SFA.DAS.ApprenticePortal.Web", "SFA.DAS.ApprenticePortal.Web\SFA.DAS.ApprenticePortal.Web.csproj", "{D609881B-F3DC-4E9A-A9D8-87194AD50757}"
EndProject
Project("{9A19103F-16F7-4668-BE54-9A1E7A4F7556}") = "SFA.DAS.ApprenticePortal.SharedUi", "SFA.DAS.ApprenticePortal.SharedUi\SFA.DAS.ApprenticePortal.SharedUi.csproj", "{E4124C21-3FED-4F69-9DB6-2093F22D855B}"
EndProject
Project("{9A19103F-16F7-4668-BE54-9A1E7A4F7556}") = "SFA.DAS.ApprenticePortal.SharedUi.Tests", "SFA.DAS.ApprenticePortal.SharedUi.Tests\SFA.DAS.ApprenticePortal.SharedUi.Tests.csproj", "{56DF4D2C-7112-4980-A435-D9943B002ACA}"
EndProject
Project("{9A19103F-16F7-4668-BE54-9A1E7A4F7556}") = "SFA.DAS.ApprenticePortal.UnitTests", "SFA.DAS.ApprenticePortal.UnitTests\SFA.DAS.ApprenticePortal.UnitTests.csproj", "{120C0033-D994-49AE-880F-F9B4047E9FDD}"
EndProject
Global
	GlobalSection(SolutionConfigurationPlatforms) = preSolution
		Debug|Any CPU = Debug|Any CPU
		Release|Any CPU = Release|Any CPU
	EndGlobalSection
	GlobalSection(ProjectConfigurationPlatforms) = postSolution
		{D609881B-F3DC-4E9A-A9D8-87194AD50757}.Debug|Any CPU.ActiveCfg = Debug|Any CPU
		{D609881B-F3DC-4E9A-A9D8-87194AD50757}.Debug|Any CPU.Build.0 = Debug|Any CPU
		{D609881B-F3DC-4E9A-A9D8-87194AD50757}.Release|Any CPU.ActiveCfg = Release|Any CPU
		{D609881B-F3DC-4E9A-A9D8-87194AD50757}.Release|Any CPU.Build.0 = Release|Any CPU
		{E4124C21-3FED-4F69-9DB6-2093F22D855B}.Debug|Any CPU.ActiveCfg = Debug|Any CPU
		{E4124C21-3FED-4F69-9DB6-2093F22D855B}.Debug|Any CPU.Build.0 = Debug|Any CPU
		{E4124C21-3FED-4F69-9DB6-2093F22D855B}.Release|Any CPU.ActiveCfg = Release|Any CPU
		{E4124C21-3FED-4F69-9DB6-2093F22D855B}.Release|Any CPU.Build.0 = Release|Any CPU
		{56DF4D2C-7112-4980-A435-D9943B002ACA}.Debug|Any CPU.ActiveCfg = Debug|Any CPU
		{56DF4D2C-7112-4980-A435-D9943B002ACA}.Debug|Any CPU.Build.0 = Debug|Any CPU
		{56DF4D2C-7112-4980-A435-D9943B002ACA}.Release|Any CPU.ActiveCfg = Release|Any CPU
		{56DF4D2C-7112-4980-A435-D9943B002ACA}.Release|Any CPU.Build.0 = Release|Any CPU
		{120C0033-D994-49AE-880F-F9B4047E9FDD}.Debug|Any CPU.ActiveCfg = Debug|Any CPU
		{120C0033-D994-49AE-880F-F9B4047E9FDD}.Debug|Any CPU.Build.0 = Debug|Any CPU
		{120C0033-D994-49AE-880F-F9B4047E9FDD}.Release|Any CPU.ActiveCfg = Release|Any CPU
		{120C0033-D994-49AE-880F-F9B4047E9FDD}.Release|Any CPU.Build.0 = Release|Any CPU
	EndGlobalSection
	GlobalSection(SolutionProperties) = preSolution
		HideSolutionNode = FALSE
	EndGlobalSection
	GlobalSection(ExtensibilityGlobals) = postSolution
		SolutionGuid = {B7D203E9-858F-4622-85FB-4B8ABB2B8B20}
	EndGlobalSection
EndGlobal
